
Microsoft Visual Studio Solution File, Format Version 12.00
# Visual Studio Version 16
VisualStudioVersion = 16.0.30128.74
MinimumVisualStudioVersion = 10.0.40219.1
Project("{FAE04EC0-301F-11D3-BF4B-00C04F79EFBC}") = "Problem1", "Problem1\Problem1.csproj", "{6F1CF8D7-6845-4CD4-BD12-016DE56AFD5B}"
EndProject
Project("{2150E333-8FDC-42A3-9474-1A3956D46DE8}") = "Problem_1", "Problem_1", "{D3A98EE1-A901-4336-8095-85DCA63BC349}"
EndProject
Project("{2150E333-8FDC-42A3-9474-1A3956D46DE8}") = "Problem_2", "Problem_2", "{D391C43B-B58C-4DFD-A106-4B39AD72CD44}"
EndProject
Project("{FAE04EC0-301F-11D3-BF4B-00C04F79EFBC}") = "Problem2", "Problem2\Problem2.csproj", "{E0688607-A288-45E3-84D3-C6EBED2434B2}"
EndProject
Project("{2150E333-8FDC-42A3-9474-1A3956D46DE8}") = "Problem3", "Problem3", "{4EA117A7-CE48-4605-A7A2-F76DAD407DC5}"
EndProject
Project("{FAE04EC0-301F-11D3-BF4B-00C04F79EFBC}") = "Problem3", "Problem3\Problem3.csproj", "{3555FBAD-8AFD-420D-9437-1AA786D5D6C1}"
EndProject
Project("{2150E333-8FDC-42A3-9474-1A3956D46DE8}") = "Problem4", "Problem4", "{6809C358-8031-493B-914A-7FB6DC10E70F}"
EndProject
Project("{FAE04EC0-301F-11D3-BF4B-00C04F79EFBC}") = "Problem4", "Problem4\Problem4.csproj", "{24E392EA-1E7B-4298-9EFA-6744F47713EA}"
EndProject
Project("{2150E333-8FDC-42A3-9474-1A3956D46DE8}") = "Problem5", "Problem5", "{320EC9BF-232D-4CD4-ABFE-6A2079FF5A79}"
EndProject
Project("{FAE04EC0-301F-11D3-BF4B-00C04F79EFBC}") = "Problem5", "Problem5\Problem5.csproj", "{F2FCC4C6-7448-4CEA-839A-9445FA4D80D5}"
EndProject
Project("{2150E333-8FDC-42A3-9474-1A3956D46DE8}") = "Problem6", "Problem6", "{7A9A4B2A-A650-47E2-94AE-7CCDC5E09F3D}"
EndProject
Project("{FAE04EC0-301F-11D3-BF4B-00C04F79EFBC}") = "Problem6", "Problem6\Problem6.csproj", "{8654379B-BD65-4B7C-B657-157193C1347A}"
EndProject
Project("{2150E333-8FDC-42A3-9474-1A3956D46DE8}") = "Problem7", "Problem7", "{53C64DDD-D771-495A-B488-47452FDEE663}"
EndProject
Project("{FAE04EC0-301F-11D3-BF4B-00C04F79EFBC}") = "Problem7", "Problem7\Problem7.csproj", "{F40E391C-56DC-4EDD-9590-23CA14FAC215}"
EndProject
Project("{2150E333-8FDC-42A3-9474-1A3956D46DE8}") = "Problem8", "Problem8", "{D7C82C43-246E-42C4-BD17-09F51DE21409}"
EndProject
Project("{FAE04EC0-301F-11D3-BF4B-00C04F79EFBC}") = "Problem8", "Problem8\Problem8.csproj", "{62AF9E32-A147-4F27-AFAB-4B0A84979045}"
EndProject
Project("{2150E333-8FDC-42A3-9474-1A3956D46DE8}") = "Problem9", "Problem9", "{7DC0369B-934D-4E5B-B234-DDF92C74ABA4}"
EndProject
Project("{FAE04EC0-301F-11D3-BF4B-00C04F79EFBC}") = "Problem9", "Problem9\Problem9.csproj", "{13B6748E-AF8D-49A1-9656-466A94CF3578}"
EndProject
Project("{2150E333-8FDC-42A3-9474-1A3956D46DE8}") = "Problems10", "Problems10", "{6435E69C-A87F-43E6-A469-837FEB6CE39E}"
EndProject
Project("{FAE04EC0-301F-11D3-BF4B-00C04F79EFBC}") = "Problem10", "Problem10\Problem10.csproj", "{E9ED7C1F-238A-411B-9FFE-E11A49D2F942}"
EndProject
Project("{2150E333-8FDC-42A3-9474-1A3956D46DE8}") = "Problems11", "Problems11", "{B48F6C17-B360-4E80-83CC-D1060D20F373}"
EndProject
Project("{FAE04EC0-301F-11D3-BF4B-00C04F79EFBC}") = "Problem11", "Problem11\Problem11.csproj", "{62A90FBE-EF38-46DE-A3DE-0766B9BC57E9}"
EndProject
Project("{2150E333-8FDC-42A3-9474-1A3956D46DE8}") = "Problems12", "Problems12", "{9BC97A75-9DA0-4172-ACAB-FBB43611F444}"
EndProject
Project("{FAE04EC0-301F-11D3-BF4B-00C04F79EFBC}") = "Problem12", "Problem12\Problem12.csproj", "{08E72E89-31D9-4A55-BE25-8DA3A3A043FB}"
EndProject
Project("{2150E333-8FDC-42A3-9474-1A3956D46DE8}") = "Problems13", "Problems13", "{3AFB63E1-1A01-4853-B2D6-0E0F92BFFC2A}"
EndProject
Project("{FAE04EC0-301F-11D3-BF4B-00C04F79EFBC}") = "Problem13", "Problem13\Problem13.csproj", "{1621D338-F99D-4B96-97D4-A94FA4FC28A7}"
EndProject
Project("{2150E333-8FDC-42A3-9474-1A3956D46DE8}") = "Problems14", "Problems14", "{22DD7DF4-DB56-4B3A-80A0-9F8FEB968B91}"
EndProject
Project("{FAE04EC0-301F-11D3-BF4B-00C04F79EFBC}") = "Problem14", "Problem14\Problem14.csproj", "{6E8EEA37-5C4E-429E-8AF3-37C895644B58}"
EndProject
Project("{2150E333-8FDC-42A3-9474-1A3956D46DE8}") = "Problems16", "Problems16", "{A7BB5F0D-8549-49F2-9817-7E1929317598}"
EndProject
Project("{FAE04EC0-301F-11D3-BF4B-00C04F79EFBC}") = "Problem16", "Problem16\Problem16.csproj", "{7378CD22-8C0A-46CC-9391-267072865A88}"
EndProject
Project("{2150E333-8FDC-42A3-9474-1A3956D46DE8}") = "Problems15", "Problems15", "{8B0036CF-BAA9-4395-AEE7-7E7A55FD1024}"
EndProject
Project("{FAE04EC0-301F-11D3-BF4B-00C04F79EFBC}") = "Problems15", "Problems15\Problems15.csproj", "{F447F29B-F1AC-4D7A-B4AD-841E322EC7B8}"
EndProject
Project("{2150E333-8FDC-42A3-9474-1A3956D46DE8}") = "Problems17", "Problems17", "{DE504F50-6B82-41A4-8A34-AD6D5D7D6A20}"
EndProject
Project("{FAE04EC0-301F-11D3-BF4B-00C04F79EFBC}") = "Problems17", "Problems17\Problems17.csproj", "{EA95C8A4-D881-43C9-9915-D93CA31F06E2}"
EndProject
Project("{2150E333-8FDC-42A3-9474-1A3956D46DE8}") = "Problems18", "Problems18", "{962D254B-0686-4FD8-8D02-E6B17CC48D97}"
EndProject
Project("{FAE04EC0-301F-11D3-BF4B-00C04F79EFBC}") = "Problems18", "Problems18\Problems18.csproj", "{999FBCCB-0536-4A8D-B11F-81B82F79609E}"
EndProject
Project("{2150E333-8FDC-42A3-9474-1A3956D46DE8}") = "Problems19", "Problems19", "{E12AB787-4753-46CC-AAAF-3D9947371571}"
EndProject
Project("{FAE04EC0-301F-11D3-BF4B-00C04F79EFBC}") = "Problems19", "Problems19\Problems19.csproj", "{DCAA62EB-BCC2-4858-BBC4-B19ECB9953B9}"
EndProject
Project("{2150E333-8FDC-42A3-9474-1A3956D46DE8}") = "Problems20", "Problems20", "{550619F5-4561-4490-A96B-270AAB4DE85F}"
EndProject
Project("{FAE04EC0-301F-11D3-BF4B-00C04F79EFBC}") = "Problems20", "Problems20\Problems20.csproj", "{9D93E5AD-39DF-4608-9942-DD67CBA2CE83}"
EndProject
Project("{2150E333-8FDC-42A3-9474-1A3956D46DE8}") = "Problems21", "Problems21", "{1CC931DA-ECB5-4AC8-8DD5-72A5340DE885}"
EndProject
Project("{FAE04EC0-301F-11D3-BF4B-00C04F79EFBC}") = "Problems21", "Problems21\Problems21.csproj", "{144312CC-7C86-4F5F-B1FF-E833B1E6FAB1}"
EndProject
Project("{2150E333-8FDC-42A3-9474-1A3956D46DE8}") = "Problems22", "Problems22", "{DAECDC6C-0F6E-4ECA-B2AE-8564464B7B43}"
EndProject
Project("{FAE04EC0-301F-11D3-BF4B-00C04F79EFBC}") = "Problems22", "Problems22\Problems22.csproj", "{382011B1-33C0-417D-A583-A87B279A8868}"
EndProject
Project("{2150E333-8FDC-42A3-9474-1A3956D46DE8}") = "Problems23", "Problems23", "{4C57911E-210D-4AE1-97D5-498DDFA2F551}"
EndProject
Project("{FAE04EC0-301F-11D3-BF4B-00C04F79EFBC}") = "Problems23", "Problems23\Problems23.csproj", "{FEA7B48B-08C7-4B92-9CAE-1E0D3496514F}"
EndProject
Project("{2150E333-8FDC-42A3-9474-1A3956D46DE8}") = "Problems24", "Problems24", "{EE80F7D6-DB6A-48E2-B36B-E54DEABB1163}"
EndProject
Project("{FAE04EC0-301F-11D3-BF4B-00C04F79EFBC}") = "Problem24", "Problem24\Problem24.csproj", "{32FAC5FE-F5B2-4FFC-8334-38CEE73E8E63}"
EndProject
Project("{2150E333-8FDC-42A3-9474-1A3956D46DE8}") = "Problems25", "Problems25", "{EB8A487E-5914-46E2-9A79-1B5DCB583EC0}"
EndProject
Project("{FAE04EC0-301F-11D3-BF4B-00C04F79EFBC}") = "Problem25", "Problem25\Problem25.csproj", "{CE863462-C203-4E7D-8EAE-2D19612A8B54}"
EndProject
Project("{2150E333-8FDC-42A3-9474-1A3956D46DE8}") = "Problems26", "Problems26", "{CA0140C5-EC16-4FDA-9CA0-57903C6A7C24}"
EndProject
Project("{FAE04EC0-301F-11D3-BF4B-00C04F79EFBC}") = "Problem26", "Problem26\Problem26.csproj", "{2B7763C7-D766-4AF5-A0CE-132F47C61548}"
EndProject
Project("{2150E333-8FDC-42A3-9474-1A3956D46DE8}") = "Problems28", "Problems28", "{A4D5E3FD-CD0C-46A4-BA2E-387E2C7A8E48}"
EndProject
Project("{FAE04EC0-301F-11D3-BF4B-00C04F79EFBC}") = "Problem28", "Problem28\Problem28.csproj", "{F1AC9F89-EC90-4140-A368-555E59A6778B}"
EndProject
Project("{2150E333-8FDC-42A3-9474-1A3956D46DE8}") = "Problems29", "Problems29", "{F343C5B8-B3A2-4B7B-8430-286E521F12B3}"
EndProject
Project("{FAE04EC0-301F-11D3-BF4B-00C04F79EFBC}") = "Problem29", "Problem29\Problem29.csproj", "{E556F4CE-79AD-4F82-AF65-1046861837D2}"
EndProject
Project("{2150E333-8FDC-42A3-9474-1A3956D46DE8}") = "Problems30", "Problems30", "{43D652F1-534D-471E-82E7-4637A6CB2E04}"
EndProject
Project("{FAE04EC0-301F-11D3-BF4B-00C04F79EFBC}") = "Problem30", "Problem30\Problem30.csproj", "{6A2D93C6-84D8-4803-85CA-DD16D7AF367E}"
EndProject
Project("{2150E333-8FDC-42A3-9474-1A3956D46DE8}") = "Problems27", "Problems27", "{19A16CD5-AB63-4979-B538-CE9674400C0E}"
EndProject
Project("{FAE04EC0-301F-11D3-BF4B-00C04F79EFBC}") = "Problem27", "Problem27\Problem27.csproj", "{323436BD-D7E1-404F-87C6-CA7998AB0DC4}"
EndProject
Project("{2150E333-8FDC-42A3-9474-1A3956D46DE8}") = "Problems31", "Problems31", "{54AF7DFD-5C7C-4D54-900F-966B49DA40C1}"
EndProject
Project("{FAE04EC0-301F-11D3-BF4B-00C04F79EFBC}") = "Problem31", "Problem31\Problem31.csproj", "{ADB02EDE-07E6-4290-A40D-FB0E5C23FEF0}"
EndProject
Global
	GlobalSection(SolutionConfigurationPlatforms) = preSolution
		Debug|Any CPU = Debug|Any CPU
		Release|Any CPU = Release|Any CPU
	EndGlobalSection
	GlobalSection(ProjectConfigurationPlatforms) = postSolution
		{6F1CF8D7-6845-4CD4-BD12-016DE56AFD5B}.Debug|Any CPU.ActiveCfg = Debug|Any CPU
		{6F1CF8D7-6845-4CD4-BD12-016DE56AFD5B}.Debug|Any CPU.Build.0 = Debug|Any CPU
		{6F1CF8D7-6845-4CD4-BD12-016DE56AFD5B}.Release|Any CPU.ActiveCfg = Release|Any CPU
		{6F1CF8D7-6845-4CD4-BD12-016DE56AFD5B}.Release|Any CPU.Build.0 = Release|Any CPU
		{E0688607-A288-45E3-84D3-C6EBED2434B2}.Debug|Any CPU.ActiveCfg = Debug|Any CPU
		{E0688607-A288-45E3-84D3-C6EBED2434B2}.Debug|Any CPU.Build.0 = Debug|Any CPU
		{E0688607-A288-45E3-84D3-C6EBED2434B2}.Release|Any CPU.ActiveCfg = Release|Any CPU
		{E0688607-A288-45E3-84D3-C6EBED2434B2}.Release|Any CPU.Build.0 = Release|Any CPU
		{3555FBAD-8AFD-420D-9437-1AA786D5D6C1}.Debug|Any CPU.ActiveCfg = Debug|Any CPU
		{3555FBAD-8AFD-420D-9437-1AA786D5D6C1}.Debug|Any CPU.Build.0 = Debug|Any CPU
		{3555FBAD-8AFD-420D-9437-1AA786D5D6C1}.Release|Any CPU.ActiveCfg = Release|Any CPU
		{3555FBAD-8AFD-420D-9437-1AA786D5D6C1}.Release|Any CPU.Build.0 = Release|Any CPU
		{24E392EA-1E7B-4298-9EFA-6744F47713EA}.Debug|Any CPU.ActiveCfg = Debug|Any CPU
		{24E392EA-1E7B-4298-9EFA-6744F47713EA}.Debug|Any CPU.Build.0 = Debug|Any CPU
		{24E392EA-1E7B-4298-9EFA-6744F47713EA}.Release|Any CPU.ActiveCfg = Release|Any CPU
		{24E392EA-1E7B-4298-9EFA-6744F47713EA}.Release|Any CPU.Build.0 = Release|Any CPU
		{F2FCC4C6-7448-4CEA-839A-9445FA4D80D5}.Debug|Any CPU.ActiveCfg = Debug|Any CPU
		{F2FCC4C6-7448-4CEA-839A-9445FA4D80D5}.Debug|Any CPU.Build.0 = Debug|Any CPU
		{F2FCC4C6-7448-4CEA-839A-9445FA4D80D5}.Release|Any CPU.ActiveCfg = Release|Any CPU
		{F2FCC4C6-7448-4CEA-839A-9445FA4D80D5}.Release|Any CPU.Build.0 = Release|Any CPU
		{8654379B-BD65-4B7C-B657-157193C1347A}.Debug|Any CPU.ActiveCfg = Debug|Any CPU
		{8654379B-BD65-4B7C-B657-157193C1347A}.Debug|Any CPU.Build.0 = Debug|Any CPU
		{8654379B-BD65-4B7C-B657-157193C1347A}.Release|Any CPU.ActiveCfg = Release|Any CPU
		{8654379B-BD65-4B7C-B657-157193C1347A}.Release|Any CPU.Build.0 = Release|Any CPU
		{F40E391C-56DC-4EDD-9590-23CA14FAC215}.Debug|Any CPU.ActiveCfg = Debug|Any CPU
		{F40E391C-56DC-4EDD-9590-23CA14FAC215}.Debug|Any CPU.Build.0 = Debug|Any CPU
		{F40E391C-56DC-4EDD-9590-23CA14FAC215}.Release|Any CPU.ActiveCfg = Release|Any CPU
		{F40E391C-56DC-4EDD-9590-23CA14FAC215}.Release|Any CPU.Build.0 = Release|Any CPU
		{62AF9E32-A147-4F27-AFAB-4B0A84979045}.Debug|Any CPU.ActiveCfg = Debug|Any CPU
		{62AF9E32-A147-4F27-AFAB-4B0A84979045}.Debug|Any CPU.Build.0 = Debug|Any CPU
		{62AF9E32-A147-4F27-AFAB-4B0A84979045}.Release|Any CPU.ActiveCfg = Release|Any CPU
		{62AF9E32-A147-4F27-AFAB-4B0A84979045}.Release|Any CPU.Build.0 = Release|Any CPU
		{13B6748E-AF8D-49A1-9656-466A94CF3578}.Debug|Any CPU.ActiveCfg = Debug|Any CPU
		{13B6748E-AF8D-49A1-9656-466A94CF3578}.Debug|Any CPU.Build.0 = Debug|Any CPU
		{13B6748E-AF8D-49A1-9656-466A94CF3578}.Release|Any CPU.ActiveCfg = Release|Any CPU
		{13B6748E-AF8D-49A1-9656-466A94CF3578}.Release|Any CPU.Build.0 = Release|Any CPU
		{E9ED7C1F-238A-411B-9FFE-E11A49D2F942}.Debug|Any CPU.ActiveCfg = Debug|Any CPU
		{E9ED7C1F-238A-411B-9FFE-E11A49D2F942}.Debug|Any CPU.Build.0 = Debug|Any CPU
		{E9ED7C1F-238A-411B-9FFE-E11A49D2F942}.Release|Any CPU.ActiveCfg = Release|Any CPU
		{E9ED7C1F-238A-411B-9FFE-E11A49D2F942}.Release|Any CPU.Build.0 = Release|Any CPU
		{62A90FBE-EF38-46DE-A3DE-0766B9BC57E9}.Debug|Any CPU.ActiveCfg = Debug|Any CPU
		{62A90FBE-EF38-46DE-A3DE-0766B9BC57E9}.Debug|Any CPU.Build.0 = Debug|Any CPU
		{62A90FBE-EF38-46DE-A3DE-0766B9BC57E9}.Release|Any CPU.ActiveCfg = Release|Any CPU
		{62A90FBE-EF38-46DE-A3DE-0766B9BC57E9}.Release|Any CPU.Build.0 = Release|Any CPU
		{08E72E89-31D9-4A55-BE25-8DA3A3A043FB}.Debug|Any CPU.ActiveCfg = Debug|Any CPU
		{08E72E89-31D9-4A55-BE25-8DA3A3A043FB}.Debug|Any CPU.Build.0 = Debug|Any CPU
		{08E72E89-31D9-4A55-BE25-8DA3A3A043FB}.Release|Any CPU.ActiveCfg = Release|Any CPU
		{08E72E89-31D9-4A55-BE25-8DA3A3A043FB}.Release|Any CPU.Build.0 = Release|Any CPU
		{1621D338-F99D-4B96-97D4-A94FA4FC28A7}.Debug|Any CPU.ActiveCfg = Debug|Any CPU
		{1621D338-F99D-4B96-97D4-A94FA4FC28A7}.Debug|Any CPU.Build.0 = Debug|Any CPU
		{1621D338-F99D-4B96-97D4-A94FA4FC28A7}.Release|Any CPU.ActiveCfg = Release|Any CPU
		{1621D338-F99D-4B96-97D4-A94FA4FC28A7}.Release|Any CPU.Build.0 = Release|Any CPU
		{6E8EEA37-5C4E-429E-8AF3-37C895644B58}.Debug|Any CPU.ActiveCfg = Debug|Any CPU
		{6E8EEA37-5C4E-429E-8AF3-37C895644B58}.Debug|Any CPU.Build.0 = Debug|Any CPU
		{6E8EEA37-5C4E-429E-8AF3-37C895644B58}.Release|Any CPU.ActiveCfg = Release|Any CPU
		{6E8EEA37-5C4E-429E-8AF3-37C895644B58}.Release|Any CPU.Build.0 = Release|Any CPU
		{7378CD22-8C0A-46CC-9391-267072865A88}.Debug|Any CPU.ActiveCfg = Debug|Any CPU
		{7378CD22-8C0A-46CC-9391-267072865A88}.Debug|Any CPU.Build.0 = Debug|Any CPU
		{7378CD22-8C0A-46CC-9391-267072865A88}.Release|Any CPU.ActiveCfg = Release|Any CPU
		{7378CD22-8C0A-46CC-9391-267072865A88}.Release|Any CPU.Build.0 = Release|Any CPU
		{F447F29B-F1AC-4D7A-B4AD-841E322EC7B8}.Debug|Any CPU.ActiveCfg = Debug|Any CPU
		{F447F29B-F1AC-4D7A-B4AD-841E322EC7B8}.Debug|Any CPU.Build.0 = Debug|Any CPU
		{F447F29B-F1AC-4D7A-B4AD-841E322EC7B8}.Release|Any CPU.ActiveCfg = Release|Any CPU
		{F447F29B-F1AC-4D7A-B4AD-841E322EC7B8}.Release|Any CPU.Build.0 = Release|Any CPU
		{EA95C8A4-D881-43C9-9915-D93CA31F06E2}.Debug|Any CPU.ActiveCfg = Debug|Any CPU
		{EA95C8A4-D881-43C9-9915-D93CA31F06E2}.Debug|Any CPU.Build.0 = Debug|Any CPU
		{EA95C8A4-D881-43C9-9915-D93CA31F06E2}.Release|Any CPU.ActiveCfg = Release|Any CPU
		{EA95C8A4-D881-43C9-9915-D93CA31F06E2}.Release|Any CPU.Build.0 = Release|Any CPU
		{999FBCCB-0536-4A8D-B11F-81B82F79609E}.Debug|Any CPU.ActiveCfg = Debug|Any CPU
		{999FBCCB-0536-4A8D-B11F-81B82F79609E}.Debug|Any CPU.Build.0 = Debug|Any CPU
		{999FBCCB-0536-4A8D-B11F-81B82F79609E}.Release|Any CPU.ActiveCfg = Release|Any CPU
		{999FBCCB-0536-4A8D-B11F-81B82F79609E}.Release|Any CPU.Build.0 = Release|Any CPU
		{DCAA62EB-BCC2-4858-BBC4-B19ECB9953B9}.Debug|Any CPU.ActiveCfg = Debug|Any CPU
		{DCAA62EB-BCC2-4858-BBC4-B19ECB9953B9}.Debug|Any CPU.Build.0 = Debug|Any CPU
		{DCAA62EB-BCC2-4858-BBC4-B19ECB9953B9}.Release|Any CPU.ActiveCfg = Release|Any CPU
		{DCAA62EB-BCC2-4858-BBC4-B19ECB9953B9}.Release|Any CPU.Build.0 = Release|Any CPU
		{9D93E5AD-39DF-4608-9942-DD67CBA2CE83}.Debug|Any CPU.ActiveCfg = Debug|Any CPU
		{9D93E5AD-39DF-4608-9942-DD67CBA2CE83}.Debug|Any CPU.Build.0 = Debug|Any CPU
		{9D93E5AD-39DF-4608-9942-DD67CBA2CE83}.Release|Any CPU.ActiveCfg = Release|Any CPU
		{9D93E5AD-39DF-4608-9942-DD67CBA2CE83}.Release|Any CPU.Build.0 = Release|Any CPU
		{144312CC-7C86-4F5F-B1FF-E833B1E6FAB1}.Debug|Any CPU.ActiveCfg = Debug|Any CPU
		{144312CC-7C86-4F5F-B1FF-E833B1E6FAB1}.Debug|Any CPU.Build.0 = Debug|Any CPU
		{144312CC-7C86-4F5F-B1FF-E833B1E6FAB1}.Release|Any CPU.ActiveCfg = Release|Any CPU
		{144312CC-7C86-4F5F-B1FF-E833B1E6FAB1}.Release|Any CPU.Build.0 = Release|Any CPU
		{382011B1-33C0-417D-A583-A87B279A8868}.Debug|Any CPU.ActiveCfg = Debug|Any CPU
		{382011B1-33C0-417D-A583-A87B279A8868}.Debug|Any CPU.Build.0 = Debug|Any CPU
		{382011B1-33C0-417D-A583-A87B279A8868}.Release|Any CPU.ActiveCfg = Release|Any CPU
		{382011B1-33C0-417D-A583-A87B279A8868}.Release|Any CPU.Build.0 = Release|Any CPU
		{FEA7B48B-08C7-4B92-9CAE-1E0D3496514F}.Debug|Any CPU.ActiveCfg = Debug|Any CPU
		{FEA7B48B-08C7-4B92-9CAE-1E0D3496514F}.Debug|Any CPU.Build.0 = Debug|Any CPU
		{FEA7B48B-08C7-4B92-9CAE-1E0D3496514F}.Release|Any CPU.ActiveCfg = Release|Any CPU
		{FEA7B48B-08C7-4B92-9CAE-1E0D3496514F}.Release|Any CPU.Build.0 = Release|Any CPU
		{32FAC5FE-F5B2-4FFC-8334-38CEE73E8E63}.Debug|Any CPU.ActiveCfg = Debug|Any CPU
		{32FAC5FE-F5B2-4FFC-8334-38CEE73E8E63}.Debug|Any CPU.Build.0 = Debug|Any CPU
		{32FAC5FE-F5B2-4FFC-8334-38CEE73E8E63}.Release|Any CPU.ActiveCfg = Release|Any CPU
		{32FAC5FE-F5B2-4FFC-8334-38CEE73E8E63}.Release|Any CPU.Build.0 = Release|Any CPU
		{CE863462-C203-4E7D-8EAE-2D19612A8B54}.Debug|Any CPU.ActiveCfg = Debug|Any CPU
		{CE863462-C203-4E7D-8EAE-2D19612A8B54}.Debug|Any CPU.Build.0 = Debug|Any CPU
		{CE863462-C203-4E7D-8EAE-2D19612A8B54}.Release|Any CPU.ActiveCfg = Release|Any CPU
		{CE863462-C203-4E7D-8EAE-2D19612A8B54}.Release|Any CPU.Build.0 = Release|Any CPU
		{2B7763C7-D766-4AF5-A0CE-132F47C61548}.Debug|Any CPU.ActiveCfg = Debug|Any CPU
		{2B7763C7-D766-4AF5-A0CE-132F47C61548}.Debug|Any CPU.Build.0 = Debug|Any CPU
		{2B7763C7-D766-4AF5-A0CE-132F47C61548}.Release|Any CPU.ActiveCfg = Release|Any CPU
		{2B7763C7-D766-4AF5-A0CE-132F47C61548}.Release|Any CPU.Build.0 = Release|Any CPU
		{F1AC9F89-EC90-4140-A368-555E59A6778B}.Debug|Any CPU.ActiveCfg = Debug|Any CPU
		{F1AC9F89-EC90-4140-A368-555E59A6778B}.Debug|Any CPU.Build.0 = Debug|Any CPU
		{F1AC9F89-EC90-4140-A368-555E59A6778B}.Release|Any CPU.ActiveCfg = Release|Any CPU
		{F1AC9F89-EC90-4140-A368-555E59A6778B}.Release|Any CPU.Build.0 = Release|Any CPU
		{E556F4CE-79AD-4F82-AF65-1046861837D2}.Debug|Any CPU.ActiveCfg = Debug|Any CPU
		{E556F4CE-79AD-4F82-AF65-1046861837D2}.Debug|Any CPU.Build.0 = Debug|Any CPU
		{E556F4CE-79AD-4F82-AF65-1046861837D2}.Release|Any CPU.ActiveCfg = Release|Any CPU
		{E556F4CE-79AD-4F82-AF65-1046861837D2}.Release|Any CPU.Build.0 = Release|Any CPU
		{6A2D93C6-84D8-4803-85CA-DD16D7AF367E}.Debug|Any CPU.ActiveCfg = Debug|Any CPU
		{6A2D93C6-84D8-4803-85CA-DD16D7AF367E}.Debug|Any CPU.Build.0 = Debug|Any CPU
		{6A2D93C6-84D8-4803-85CA-DD16D7AF367E}.Release|Any CPU.ActiveCfg = Release|Any CPU
		{6A2D93C6-84D8-4803-85CA-DD16D7AF367E}.Release|Any CPU.Build.0 = Release|Any CPU
		{323436BD-D7E1-404F-87C6-CA7998AB0DC4}.Debug|Any CPU.ActiveCfg = Debug|Any CPU
		{323436BD-D7E1-404F-87C6-CA7998AB0DC4}.Debug|Any CPU.Build.0 = Debug|Any CPU
		{323436BD-D7E1-404F-87C6-CA7998AB0DC4}.Release|Any CPU.ActiveCfg = Release|Any CPU
		{323436BD-D7E1-404F-87C6-CA7998AB0DC4}.Release|Any CPU.Build.0 = Release|Any CPU
		{ADB02EDE-07E6-4290-A40D-FB0E5C23FEF0}.Debug|Any CPU.ActiveCfg = Debug|Any CPU
		{ADB02EDE-07E6-4290-A40D-FB0E5C23FEF0}.Debug|Any CPU.Build.0 = Debug|Any CPU
		{ADB02EDE-07E6-4290-A40D-FB0E5C23FEF0}.Release|Any CPU.ActiveCfg = Release|Any CPU
		{ADB02EDE-07E6-4290-A40D-FB0E5C23FEF0}.Release|Any CPU.Build.0 = Release|Any CPU
	EndGlobalSection
	GlobalSection(SolutionProperties) = preSolution
		HideSolutionNode = FALSE
	EndGlobalSection
	GlobalSection(NestedProjects) = preSolution
		{6F1CF8D7-6845-4CD4-BD12-016DE56AFD5B} = {D3A98EE1-A901-4336-8095-85DCA63BC349}
		{E0688607-A288-45E3-84D3-C6EBED2434B2} = {D391C43B-B58C-4DFD-A106-4B39AD72CD44}
		{3555FBAD-8AFD-420D-9437-1AA786D5D6C1} = {4EA117A7-CE48-4605-A7A2-F76DAD407DC5}
		{24E392EA-1E7B-4298-9EFA-6744F47713EA} = {6809C358-8031-493B-914A-7FB6DC10E70F}
		{F2FCC4C6-7448-4CEA-839A-9445FA4D80D5} = {320EC9BF-232D-4CD4-ABFE-6A2079FF5A79}
		{8654379B-BD65-4B7C-B657-157193C1347A} = {7A9A4B2A-A650-47E2-94AE-7CCDC5E09F3D}
		{F40E391C-56DC-4EDD-9590-23CA14FAC215} = {53C64DDD-D771-495A-B488-47452FDEE663}
		{62AF9E32-A147-4F27-AFAB-4B0A84979045} = {D7C82C43-246E-42C4-BD17-09F51DE21409}
		{13B6748E-AF8D-49A1-9656-466A94CF3578} = {7DC0369B-934D-4E5B-B234-DDF92C74ABA4}
		{E9ED7C1F-238A-411B-9FFE-E11A49D2F942} = {6435E69C-A87F-43E6-A469-837FEB6CE39E}
		{62A90FBE-EF38-46DE-A3DE-0766B9BC57E9} = {B48F6C17-B360-4E80-83CC-D1060D20F373}
		{08E72E89-31D9-4A55-BE25-8DA3A3A043FB} = {9BC97A75-9DA0-4172-ACAB-FBB43611F444}
		{1621D338-F99D-4B96-97D4-A94FA4FC28A7} = {3AFB63E1-1A01-4853-B2D6-0E0F92BFFC2A}
		{6E8EEA37-5C4E-429E-8AF3-37C895644B58} = {22DD7DF4-DB56-4B3A-80A0-9F8FEB968B91}
		{7378CD22-8C0A-46CC-9391-267072865A88} = {A7BB5F0D-8549-49F2-9817-7E1929317598}
		{F447F29B-F1AC-4D7A-B4AD-841E322EC7B8} = {8B0036CF-BAA9-4395-AEE7-7E7A55FD1024}
		{EA95C8A4-D881-43C9-9915-D93CA31F06E2} = {DE504F50-6B82-41A4-8A34-AD6D5D7D6A20}
		{999FBCCB-0536-4A8D-B11F-81B82F79609E} = {962D254B-0686-4FD8-8D02-E6B17CC48D97}
		{DCAA62EB-BCC2-4858-BBC4-B19ECB9953B9} = {E12AB787-4753-46CC-AAAF-3D9947371571}
		{9D93E5AD-39DF-4608-9942-DD67CBA2CE83} = {550619F5-4561-4490-A96B-270AAB4DE85F}
		{144312CC-7C86-4F5F-B1FF-E833B1E6FAB1} = {1CC931DA-ECB5-4AC8-8DD5-72A5340DE885}
		{382011B1-33C0-417D-A583-A87B279A8868} = {DAECDC6C-0F6E-4ECA-B2AE-8564464B7B43}
		{FEA7B48B-08C7-4B92-9CAE-1E0D3496514F} = {4C57911E-210D-4AE1-97D5-498DDFA2F551}
		{32FAC5FE-F5B2-4FFC-8334-38CEE73E8E63} = {EE80F7D6-DB6A-48E2-B36B-E54DEABB1163}
		{CE863462-C203-4E7D-8EAE-2D19612A8B54} = {EB8A487E-5914-46E2-9A79-1B5DCB583EC0}
		{2B7763C7-D766-4AF5-A0CE-132F47C61548} = {CA0140C5-EC16-4FDA-9CA0-57903C6A7C24}
		{F1AC9F89-EC90-4140-A368-555E59A6778B} = {A4D5E3FD-CD0C-46A4-BA2E-387E2C7A8E48}
		{E556F4CE-79AD-4F82-AF65-1046861837D2} = {F343C5B8-B3A2-4B7B-8430-286E521F12B3}
		{6A2D93C6-84D8-4803-85CA-DD16D7AF367E} = {43D652F1-534D-471E-82E7-4637A6CB2E04}
		{323436BD-D7E1-404F-87C6-CA7998AB0DC4} = {19A16CD5-AB63-4979-B538-CE9674400C0E}
		{ADB02EDE-07E6-4290-A40D-FB0E5C23FEF0} = {54AF7DFD-5C7C-4D54-900F-966B49DA40C1}
	EndGlobalSection
	GlobalSection(ExtensibilityGlobals) = postSolution
		SolutionGuid = {7B10EC15-0199-4C05-AE1F-A56B04B7F8F8}
	EndGlobalSection
EndGlobal
